// !$*UTF8*$!
{
	archiveVersion = 1;
	classes = {
	};
	objectVersion = 50;
	objects = {

/* Begin PBXBuildFile section */
		0419DEBA2214446500357E69 /* AppDelegate.swift in Sources */ = {isa = PBXBuildFile; fileRef = 0419DEB92214446500357E69 /* AppDelegate.swift */; };
		0419DEBF2214446500357E69 /* Main.storyboard in Resources */ = {isa = PBXBuildFile; fileRef = 0419DEBD2214446500357E69 /* Main.storyboard */; };
		0419DEC12214446600357E69 /* Assets.xcassets in Resources */ = {isa = PBXBuildFile; fileRef = 0419DEC02214446600357E69 /* Assets.xcassets */; };
		0419DEC42214446600357E69 /* LaunchScreen.storyboard in Resources */ = {isa = PBXBuildFile; fileRef = 0419DEC22214446600357E69 /* LaunchScreen.storyboard */; };
		0419DECF221445DD00357E69 /* WeatherVC.swift in Sources */ = {isa = PBXBuildFile; fileRef = 0419DECE221445DD00357E69 /* WeatherVC.swift */; };
		0419DED1221445F000357E69 /* ChangeCityVC.swift in Sources */ = {isa = PBXBuildFile; fileRef = 0419DED0221445F000357E69 /* ChangeCityVC.swift */; };
		0419DED32214461000357E69 /* WeatherDataModel.swift in Sources */ = {isa = PBXBuildFile; fileRef = 0419DED22214461000357E69 /* WeatherDataModel.swift */; };
		0419DED522144ACA00357E69 /* CityTextField.swift in Sources */ = {isa = PBXBuildFile; fileRef = 0419DED422144ACA00357E69 /* CityTextField.swift */; };
		0419DED822144EDE00357E69 /* Constant.swift in Sources */ = {isa = PBXBuildFile; fileRef = 0419DED722144EDE00357E69 /* Constant.swift */; };
		0419DEDB22144F5700357E69 /* API.swift in Sources */ = {isa = PBXBuildFile; fileRef = 0419DEDA22144F5700357E69 /* API.swift */; };
		A45DD47EEAC06497D9B85021 /* Pods_Lite_Weather.framework in Frameworks */ = {isa = PBXBuildFile; fileRef = 799BDAA74D23DAE9B67A60CE /* Pods_Lite_Weather.framework */; };
/* End PBXBuildFile section */

/* Begin PBXFileReference section */
		0419DEB62214446500357E69 /* Lite Weather.app */ = {isa = PBXFileReference; explicitFileType = wrapper.application; includeInIndex = 0; path = "Lite Weather.app"; sourceTree = BUILT_PRODUCTS_DIR; };
		0419DEB92214446500357E69 /* AppDelegate.swift */ = {isa = PBXFileReference; lastKnownFileType = sourcecode.swift; path = AppDelegate.swift; sourceTree = "<group>"; };
		0419DEBE2214446500357E69 /* Base */ = {isa = PBXFileReference; lastKnownFileType = file.storyboard; name = Base; path = Base.lproj/Main.storyboard; sourceTree = "<group>"; };
		0419DEC02214446600357E69 /* Assets.xcassets */ = {isa = PBXFileReference; lastKnownFileType = folder.assetcatalog; path = Assets.xcassets; sourceTree = "<group>"; };
		0419DEC32214446600357E69 /* Base */ = {isa = PBXFileReference; lastKnownFileType = file.storyboard; name = Base; path = Base.lproj/LaunchScreen.storyboard; sourceTree = "<group>"; };
		0419DECE221445DD00357E69 /* WeatherVC.swift */ = {isa = PBXFileReference; lastKnownFileType = sourcecode.swift; path = WeatherVC.swift; sourceTree = "<group>"; };
		0419DED0221445F000357E69 /* ChangeCityVC.swift */ = {isa = PBXFileReference; lastKnownFileType = sourcecode.swift; path = ChangeCityVC.swift; sourceTree = "<group>"; };
		0419DED22214461000357E69 /* WeatherDataModel.swift */ = {isa = PBXFileReference; lastKnownFileType = sourcecode.swift; path = WeatherDataModel.swift; sourceTree = "<group>"; };
		0419DED422144ACA00357E69 /* CityTextField.swift */ = {isa = PBXFileReference; lastKnownFileType = sourcecode.swift; path = CityTextField.swift; sourceTree = "<group>"; };
		0419DED722144EDE00357E69 /* Constant.swift */ = {isa = PBXFileReference; lastKnownFileType = sourcecode.swift; path = Constant.swift; sourceTree = "<group>"; };
		0419DEDA22144F5700357E69 /* API.swift */ = {isa = PBXFileReference; lastKnownFileType = sourcecode.swift; path = API.swift; sourceTree = "<group>"; };
		11339BC977A38309A951346E /* Pods-Lite Weather.release.xcconfig */ = {isa = PBXFileReference; includeInIndex = 1; lastKnownFileType = text.xcconfig; name = "Pods-Lite Weather.release.xcconfig"; path = "Pods/Target Support Files/Pods-Lite Weather/Pods-Lite Weather.release.xcconfig"; sourceTree = "<group>"; };
		799BDAA74D23DAE9B67A60CE /* Pods_Lite_Weather.framework */ = {isa = PBXFileReference; explicitFileType = wrapper.framework; includeInIndex = 0; path = Pods_Lite_Weather.framework; sourceTree = BUILT_PRODUCTS_DIR; };
		9B8F5E5F3A78F025FEAE8959 /* Pods-Lite Weather.debug.xcconfig */ = {isa = PBXFileReference; includeInIndex = 1; lastKnownFileType = text.xcconfig; name = "Pods-Lite Weather.debug.xcconfig"; path = "Pods/Target Support Files/Pods-Lite Weather/Pods-Lite Weather.debug.xcconfig"; sourceTree = "<group>"; };
/* End PBXFileReference section */

/* Begin PBXFrameworksBuildPhase section */
		0419DEB32214446500357E69 /* Frameworks */ = {
			isa = PBXFrameworksBuildPhase;
			buildActionMask = 2147483647;
			files = (
				A45DD47EEAC06497D9B85021 /* Pods_Lite_Weather.framework in Frameworks */,
			);
			runOnlyForDeploymentPostprocessing = 0;
		};
/* End PBXFrameworksBuildPhase section */

/* Begin PBXGroup section */
		0419DEAD2214446500357E69 = {
			isa = PBXGroup;
			children = (
				0419DEB82214446500357E69 /* Lite Weather */,
				0419DEB72214446500357E69 /* Products */,
				DCDE05A9BE11E4EDAF22E399 /* Pods */,
				7E2D2EF2E82648F79C17F0E6 /* Frameworks */,
			);
			sourceTree = "<group>";
		};
		0419DEB72214446500357E69 /* Products */ = {
			isa = PBXGroup;
			children = (
				0419DEB62214446500357E69 /* Lite Weather.app */,
			);
			name = Products;
			sourceTree = "<group>";
		};
		0419DEB82214446500357E69 /* Lite Weather */ = {
			isa = PBXGroup;
			children = (
				0419DED922144F3900357E69 /* API */,
				0419DED622144ECA00357E69 /* Constants */,
				0419DECD221445A000357E69 /* Model */,
				0419DECC2214459900357E69 /* View */,
				0419DECB2214459100357E69 /* Controller */,
				0419DEB92214446500357E69 /* AppDelegate.swift */,
				0419DEBD2214446500357E69 /* Main.storyboard */,
				0419DEC02214446600357E69 /* Assets.xcassets */,
				0419DEC22214446600357E69 /* LaunchScreen.storyboard */,
			);
			path = "Lite Weather";
			sourceTree = "<group>";
		};
		0419DECB2214459100357E69 /* Controller */ = {
			isa = PBXGroup;
			children = (
				0419DECE221445DD00357E69 /* WeatherVC.swift */,
				0419DED0221445F000357E69 /* ChangeCityVC.swift */,
			);
			path = Controller;
			sourceTree = "<group>";
		};
		0419DECC2214459900357E69 /* View */ = {
			isa = PBXGroup;
			children = (
				0419DED422144ACA00357E69 /* CityTextField.swift */,
			);
			path = View;
			sourceTree = "<group>";
		};
		0419DECD221445A000357E69 /* Model */ = {
			isa = PBXGroup;
			children = (
				0419DED22214461000357E69 /* WeatherDataModel.swift */,
			);
			path = Model;
			sourceTree = "<group>";
		};
		0419DED622144ECA00357E69 /* Constants */ = {
			isa = PBXGroup;
			children = (
				0419DED722144EDE00357E69 /* Constant.swift */,
			);
			path = Constants;
			sourceTree = "<group>";
		};
		0419DED922144F3900357E69 /* API */ = {
			isa = PBXGroup;
			children = (
				0419DEDA22144F5700357E69 /* API.swift */,
			);
			path = API;
			sourceTree = "<group>";
		};
		7E2D2EF2E82648F79C17F0E6 /* Frameworks */ = {
			isa = PBXGroup;
			children = (
				799BDAA74D23DAE9B67A60CE /* Pods_Lite_Weather.framework */,
			);
			name = Frameworks;
			sourceTree = "<group>";
		};
		DCDE05A9BE11E4EDAF22E399 /* Pods */ = {
			isa = PBXGroup;
			children = (
				9B8F5E5F3A78F025FEAE8959 /* Pods-Lite Weather.debug.xcconfig */,
				11339BC977A38309A951346E /* Pods-Lite Weather.release.xcconfig */,
			);
			name = Pods;
			sourceTree = "<group>";
		};
/* End PBXGroup section */

/* Begin PBXNativeTarget section */
		0419DEB52214446500357E69 /* Lite Weather */ = {
			isa = PBXNativeTarget;
			buildConfigurationList = 0419DEC82214446600357E69 /* Build configuration list for PBXNativeTarget "Lite Weather" */;
			buildPhases = (
				26D5537137C9B088BD1942B8 /* [CP] Check Pods Manifest.lock */,
				0419DEB22214446500357E69 /* Sources */,
				0419DEB32214446500357E69 /* Frameworks */,
				0419DEB42214446500357E69 /* Resources */,
				76F8AECED808207E96104387 /* [CP] Embed Pods Frameworks */,
			);
			buildRules = (
			);
			dependencies = (
			);
			name = "Lite Weather";
			productName = "Lite Weather";
			productReference = 0419DEB62214446500357E69 /* Lite Weather.app */;
			productType = "com.apple.product-type.application";
		};
/* End PBXNativeTarget section */

/* Begin PBXProject section */
		0419DEAE2214446500357E69 /* Project object */ = {
			isa = PBXProject;
			attributes = {
				LastSwiftUpdateCheck = 1010;
				LastUpgradeCheck = 1010;
				ORGANIZATIONNAME = sHiKoOo;
				TargetAttributes = {
					0419DEB52214446500357E69 = {
						CreatedOnToolsVersion = 10.1;
					};
				};
			};
			buildConfigurationList = 0419DEB12214446500357E69 /* Build configuration list for PBXProject "Lite Weather" */;
			compatibilityVersion = "Xcode 9.3";
			developmentRegion = en;
			hasScannedForEncodings = 0;
			knownRegions = (
				en,
				Base,
			);
			mainGroup = 0419DEAD2214446500357E69;
			productRefGroup = 0419DEB72214446500357E69 /* Products */;
			projectDirPath = "";
			projectRoot = "";
			targets = (
				0419DEB52214446500357E69 /* Lite Weather */,
			);
		};
/* End PBXProject section */

/* Begin PBXResourcesBuildPhase section */
		0419DEB42214446500357E69 /* Resources */ = {
			isa = PBXResourcesBuildPhase;
			buildActionMask = 2147483647;
			files = (
				0419DEC42214446600357E69 /* LaunchScreen.storyboard in Resources */,
				0419DEC12214446600357E69 /* Assets.xcassets in Resources */,
				0419DEBF2214446500357E69 /* Main.storyboard in Resources */,
			);
			runOnlyForDeploymentPostprocessing = 0;
		};
/* End PBXResourcesBuildPhase section */

/* Begin PBXShellScriptBuildPhase section */
		26D5537137C9B088BD1942B8 /* [CP] Check Pods Manifest.lock */ = {
			isa = PBXShellScriptBuildPhase;
			buildActionMask = 2147483647;
			files = (
			);
			inputPaths = (
				"${PODS_PODFILE_DIR_PATH}/Podfile.lock",
				"${PODS_ROOT}/Manifest.lock",
			);
			name = "[CP] Check Pods Manifest.lock";
			outputPaths = (
				"$(DERIVED_FILE_DIR)/Pods-Lite Weather-checkManifestLockResult.txt",
			);
			runOnlyForDeploymentPostprocessing = 0;
			shellPath = /bin/sh;
			shellScript = "diff \"${PODS_PODFILE_DIR_PATH}/Podfile.lock\" \"${PODS_ROOT}/Manifest.lock\" > /dev/null\nif [ $? != 0 ] ; then\n    # print error to STDERR\n    echo \"error: The sandbox is not in sync with the Podfile.lock. Run 'pod install' or update your CocoaPods installation.\" >&2\n    exit 1\nfi\n# This output is used by Xcode 'outputs' to avoid re-running this script phase.\necho \"SUCCESS\" > \"${SCRIPT_OUTPUT_FILE_0}\"\n";
			showEnvVarsInLog = 0;
		};
		76F8AECED808207E96104387 /* [CP] Embed Pods Frameworks */ = {
			isa = PBXShellScriptBuildPhase;
			buildActionMask = 2147483647;
			files = (
			);
			inputPaths = (
				"${SRCROOT}/Pods/Target Support Files/Pods-Lite Weather/Pods-Lite Weather-frameworks.sh",
				"${BUILT_PRODUCTS_DIR}/Alamofire/Alamofire.framework",
				"${BUILT_PRODUCTS_DIR}/SVProgressHUD/SVProgressHUD.framework",
				"${BUILT_PRODUCTS_DIR}/SwiftyJSON/SwiftyJSON.framework",
			);
			name = "[CP] Embed Pods Frameworks";
			outputPaths = (
				"${TARGET_BUILD_DIR}/${FRAMEWORKS_FOLDER_PATH}/Alamofire.framework",
				"${TARGET_BUILD_DIR}/${FRAMEWORKS_FOLDER_PATH}/SVProgressHUD.framework",
				"${TARGET_BUILD_DIR}/${FRAMEWORKS_FOLDER_PATH}/SwiftyJSON.framework",
			);
			runOnlyForDeploymentPostprocessing = 0;
			shellPath = /bin/sh;
			shellScript = "\"${SRCROOT}/Pods/Target Support Files/Pods-Lite Weather/Pods-Lite Weather-frameworks.sh\"\n";
			showEnvVarsInLog = 0;
		};
/* End PBXShellScriptBuildPhase section */

/* Begin PBXSourcesBuildPhase section */
		0419DEB22214446500357E69 /* Sources */ = {
			isa = PBXSourcesBuildPhase;
			buildActionMask = 2147483647;
			files = (
				0419DED32214461000357E69 /* WeatherDataModel.swift in Sources */,
				0419DEBA2214446500357E69 /* AppDelegate.swift in Sources */,
				0419DED522144ACA00357E69 /* CityTextField.swift in Sources */,
				0419DECF221445DD00357E69 /* WeatherVC.swift in Sources */,
				0419DED1221445F000357E69 /* ChangeCityVC.swift in Sources */,
				0419DED822144EDE00357E69 /* Constant.swift in Sources */,
				0419DEDB22144F5700357E69 /* API.swift in Sources */,
			);
			runOnlyForDeploymentPostprocessing = 0;
		};
/* End PBXSourcesBuildPhase section */

/* Begin PBXVariantGroup section */
		0419DEBD2214446500357E69 /* Main.storyboard */ = {
			isa = PBXVariantGroup;
			children = (
				0419DEBE2214446500357E69 /* Base */,
			);
			name = Main.storyboard;
			sourceTree = "<group>";
		};
		0419DEC22214446600357E69 /* LaunchScreen.storyboard */ = {
			isa = PBXVariantGroup;
			children = (
				0419DEC32214446600357E69 /* Base */,
			);
			name = LaunchScreen.storyboard;
			sourceTree = "<group>";
		};
/* End PBXVariantGroup section */

/* Begin XCBuildConfiguration section */
		0419DEC62214446600357E69 /* Debug */ = {
			isa = XCBuildConfiguration;
			buildSettings = {
				ALWAYS_SEARCH_USER_PATHS = NO;
				CLANG_ANALYZER_NONNULL = YES;
				CLANG_ANALYZER_NUMBER_OBJECT_CONVERSION = YES_AGGRESSIVE;
				CLANG_CXX_LANGUAGE_STANDARD = "gnu++14";
				CLANG_CXX_LIBRARY = "libc++";
				CLANG_ENABLE_MODULES = YES;
				CLANG_ENABLE_OBJC_ARC = YES;
				CLANG_ENABLE_OBJC_WEAK = YES;
				CLANG_WARN_BLOCK_CAPTURE_AUTORELEASING = YES;
				CLANG_WARN_BOOL_CONVERSION = YES;
				CLANG_WARN_COMMA = YES;
				CLANG_WARN_CONSTANT_CONVERSION = YES;
				CLANG_WARN_DEPRECATED_OBJC_IMPLEMENTATIONS = YES;
				CLANG_WARN_DIRECT_OBJC_ISA_USAGE = YES_ERROR;
				CLANG_WARN_DOCUMENTATION_COMMENTS = YES;
				CLANG_WARN_EMPTY_BODY = YES;
				CLANG_WARN_ENUM_CONVERSION = YES;
				CLANG_WARN_INFINITE_RECURSION = YES;
				CLANG_WARN_INT_CONVERSION = YES;
				CLANG_WARN_NON_LITERAL_NULL_CONVERSION = YES;
				CLANG_WARN_OBJC_IMPLICIT_RETAIN_SELF = YES;
				CLANG_WARN_OBJC_LITERAL_CONVERSION = YES;
				CLANG_WARN_OBJC_ROOT_CLASS = YES_ERROR;
				CLANG_WARN_RANGE_LOOP_ANALYSIS = YES;
				CLANG_WARN_STRICT_PROTOTYPES = YES;
				CLANG_WARN_SUSPICIOUS_MOVE = YES;
				CLANG_WARN_UNGUARDED_AVAILABILITY = YES_AGGRESSIVE;
				CLANG_WARN_UNREACHABLE_CODE = YES;
				CLANG_WARN__DUPLICATE_METHOD_MATCH = YES;
				CODE_SIGN_IDENTITY = "iPhone Developer";
				COPY_PHASE_STRIP = NO;
				DEBUG_INFORMATION_FORMAT = dwarf;
				ENABLE_STRICT_OBJC_MSGSEND = YES;
				ENABLE_TESTABILITY = YES;
				GCC_C_LANGUAGE_STANDARD = gnu11;
				GCC_DYNAMIC_NO_PIC = NO;
				GCC_NO_COMMON_BLOCKS = YES;
				GCC_OPTIMIZATION_LEVEL = 0;
				GCC_PREPROCESSOR_DEFINITIONS = (
					"DEBUG=1",
					"$(inherited)",
				);
				GCC_WARN_64_TO_32_BIT_CONVERSION = YES;
				GCC_WARN_ABOUT_RETURN_TYPE = YES_ERROR;
				GCC_WARN_UNDECLARED_SELECTOR = YES;
				GCC_WARN_UNINITIALIZED_AUTOS = YES_AGGRESSIVE;
				GCC_WARN_UNUSED_FUNCTION = YES;
				GCC_WARN_UNUSED_VARIABLE = YES;
				IPHONEOS_DEPLOYMENT_TARGET = 12.1;
				MTL_ENABLE_DEBUG_INFO = INCLUDE_SOURCE;
				MTL_FAST_MATH = YES;
				ONLY_ACTIVE_ARCH = YES;
				SDKROOT = iphoneos;
				SWIFT_ACTIVE_COMPILATION_CONDITIONS = DEBUG;
				SWIFT_OPTIMIZATION_LEVEL = "-Onone";
			};
			name = Debug;
		};
		0419DEC72214446600357E69 /* Release */ = {
			isa = XCBuildConfiguration;
			buildSettings = {
				ALWAYS_SEARCH_USER_PATHS = NO;
				CLANG_ANALYZER_NONNULL = YES;
				CLANG_ANALYZER_NUMBER_OBJECT_CONVERSION = YES_AGGRESSIVE;
				CLANG_CXX_LANGUAGE_STANDARD = "gnu++14";
				CLANG_CXX_LIBRARY = "libc++";
				CLANG_ENABLE_MODULES = YES;
				CLANG_ENABLE_OBJC_ARC = YES;
				CLANG_ENABLE_OBJC_WEAK = YES;
				CLANG_WARN_BLOCK_CAPTURE_AUTORELEASING = YES;
				CLANG_WARN_BOOL_CONVERSION = YES;
				CLANG_WARN_COMMA = YES;
				CLANG_WARN_CONSTANT_CONVERSION = YES;
				CLANG_WARN_DEPRECATED_OBJC_IMPLEMENTATIONS = YES;
				CLANG_WARN_DIRECT_OBJC_ISA_USAGE = YES_ERROR;
				CLANG_WARN_DOCUMENTATION_COMMENTS = YES;
				CLANG_WARN_EMPTY_BODY = YES;
				CLANG_WARN_ENUM_CONVERSION = YES;
				CLANG_WARN_INFINITE_RECURSION = YES;
				CLANG_WARN_INT_CONVERSION = YES;
				CLANG_WARN_NON_LITERAL_NULL_CONVERSION = YES;
				CLANG_WARN_OBJC_IMPLICIT_RETAIN_SELF = YES;
				CLANG_WARN_OBJC_LITERAL_CONVERSION = YES;
				CLANG_WARN_OBJC_ROOT_CLASS = YES_ERROR;
				CLANG_WARN_RANGE_LOOP_ANALYSIS = YES;
				CLANG_WARN_STRICT_PROTOTYPES = YES;
				CLANG_WARN_SUSPICIOUS_MOVE = YES;
				CLANG_WARN_UNGUARDED_AVAILABILITY = YES_AGGRESSIVE;
				CLANG_WARN_UNREACHABLE_CODE = YES;
				CLANG_WARN__DUPLICATE_METHOD_MATCH = YES;
				CODE_SIGN_IDENTITY = "iPhone Developer";
				COPY_PHASE_STRIP = NO;
				DEBUG_INFORMATION_FORMAT = "dwarf-with-dsym";
				ENABLE_NS_ASSERTIONS = NO;
				ENABLE_STRICT_OBJC_MSGSEND = YES;
				GCC_C_LANGUAGE_STANDARD = gnu11;
				GCC_NO_COMMON_BLOCKS = YES;
				GCC_WARN_64_TO_32_BIT_CONVERSION = YES;
				GCC_WARN_ABOUT_RETURN_TYPE = YES_ERROR;
				GCC_WARN_UNDECLARED_SELECTOR = YES;
				GCC_WARN_UNINITIALIZED_AUTOS = YES_AGGRESSIVE;
				GCC_WARN_UNUSED_FUNCTION = YES;
				GCC_WARN_UNUSED_VARIABLE = YES;
				IPHONEOS_DEPLOYMENT_TARGET = 12.1;
				MTL_ENABLE_DEBUG_INFO = NO;
				MTL_FAST_MATH = YES;
				SDKROOT = iphoneos;
				SWIFT_COMPILATION_MODE = wholemodule;
				SWIFT_OPTIMIZATION_LEVEL = "-O";
				VALIDATE_PRODUCT = YES;
			};
			name = Release;
		};
		0419DEC92214446600357E69 /* Debug */ = {
			isa = XCBuildConfiguration;
			baseConfigurationReference = 9B8F5E5F3A78F025FEAE8959 /* Pods-Lite Weather.debug.xcconfig */;
			buildSettings = {
				ASSETCATALOG_COMPILER_APPICON_NAME = AppIcon;
				CODE_SIGN_STYLE = Automatic;
				DEVELOPMENT_TEAM = F7S769X964;
				INFOPLIST_FILE = "Lite Weather/Info.plist";
				IPHONEOS_DEPLOYMENT_TARGET = 10.0;
				LD_RUNPATH_SEARCH_PATHS = (
					"$(inherited)",
					"@executable_path/Frameworks",
				);
				PRODUCT_BUNDLE_IDENTIFIER = "com.ahmadshraby.Lite-Weather";
				PRODUCT_NAME = "$(TARGET_NAME)";
				SWIFT_VERSION = 4.2;
				TARGETED_DEVICE_FAMILY = "1,2";
			};
			name = Debug;
		};
		0419DECA2214446600357E69 /* Release */ = {
			isa = XCBuildConfiguration;
			baseConfigurationReference = 11339BC977A38309A951346E /* Pods-Lite Weather.release.xcconfig */;
			buildSettings = {
				ASSETCATALOG_COMPILER_APPICON_NAME = AppIcon;
				CODE_SIGN_STYLE = Automatic;
				DEVELOPMENT_TEAM = F7S769X964;
				INFOPLIST_FILE = "Lite Weather/Info.plist";
				IPHONEOS_DEPLOYMENT_TARGET = 10.0;
				LD_RUNPATH_SEARCH_PATHS = (
					"$(inherited)",
					"@executable_path/Frameworks",
				);
				PRODUCT_BUNDLE_IDENTIFIER = "com.ahmadshraby.Lite-Weather";
				PRODUCT_NAME = "$(TARGET_NAME)";
				SWIFT_VERSION = 4.2;
				TARGETED_DEVICE_FAMILY = "1,2";
			};
			name = Release;
		};
/* End XCBuildConfiguration section */

/* Begin XCConfigurationList section */
		0419DEB12214446500357E69 /* Build configuration list for PBXProject "Lite Weather" */ = {
			isa = XCConfigurationList;
			buildConfigurations = (
				0419DEC62214446600357E69 /* Debug */,
				0419DEC72214446600357E69 /* Release */,
			);
			defaultConfigurationIsVisible = 0;
			defaultConfigurationName = Release;
		};
		0419DEC82214446600357E69 /* Build configuration list for PBXNativeTarget "Lite Weather" */ = {
			isa = XCConfigurationList;
			buildConfigurations = (
				0419DEC92214446600357E69 /* Debug */,
				0419DECA2214446600357E69 /* Release */,
			);
			defaultConfigurationIsVisible = 0;
			defaultConfigurationName = Release;
		};
/* End XCConfigurationList section */
	};
	rootObject = 0419DEAE2214446500357E69 /* Project object */;
}
